
Microsoft Visual Studio Solution File, Format Version 12.00
# Visual Studio 15
VisualStudioVersion = 15.0.27004.2002
MinimumVisualStudioVersion = 10.0.40219.1
Project("{9A19103F-16F7-4668-BE54-9A1E7A4F7556}") = "HelloWorld", "HelloWorld\HelloWorld.csproj", "{A9718E09-1B2A-4684-ABDC-B9D4F0483131}"
EndProject
Project("{FAE04EC0-301F-11D3-BF4B-00C04F79EFBC}") = "welcomemessage", "welcomemessage\welcomemessage.csproj", "{E456BB9C-483F-40D7-9403-ACE151A866FA}"
EndProject
Project("{FAE04EC0-301F-11D3-BF4B-00C04F79EFBC}") = "numberfun", "numberfun\numberfun.csproj", "{45B2D4F8-4F61-4554-9278-0C3FE9ACBB93}"
EndProject
Project("{FAE04EC0-301F-11D3-BF4B-00C04F79EFBC}") = "pickadoor", "pickadoor\pickadoor.csproj", "{3AFE9EA9-CF5F-4B03-992A-EFB63E67D18F}"
EndProject
Project("{FAE04EC0-301F-11D3-BF4B-00C04F79EFBC}") = "age program", "age program\age program.csproj", "{424381D4-2236-4E8B-A21E-5B723C2EACCD}"
EndProject
Global
	GlobalSection(SolutionConfigurationPlatforms) = preSolution
		Debug|Any CPU = Debug|Any CPU
		Release|Any CPU = Release|Any CPU
	EndGlobalSection
	GlobalSection(ProjectConfigurationPlatforms) = postSolution
		{A9718E09-1B2A-4684-ABDC-B9D4F0483131}.Debug|Any CPU.ActiveCfg = Debug|Any CPU
		{A9718E09-1B2A-4684-ABDC-B9D4F0483131}.Debug|Any CPU.Build.0 = Debug|Any CPU
		{A9718E09-1B2A-4684-ABDC-B9D4F0483131}.Release|Any CPU.ActiveCfg = Release|Any CPU
		{A9718E09-1B2A-4684-ABDC-B9D4F0483131}.Release|Any CPU.Build.0 = Release|Any CPU
		{E456BB9C-483F-40D7-9403-ACE151A866FA}.Debug|Any CPU.ActiveCfg = Debug|Any CPU
		{E456BB9C-483F-40D7-9403-ACE151A866FA}.Debug|Any CPU.Build.0 = Debug|Any CPU
		{E456BB9C-483F-40D7-9403-ACE151A866FA}.Release|Any CPU.ActiveCfg = Release|Any CPU
		{E456BB9C-483F-40D7-9403-ACE151A866FA}.Release|Any CPU.Build.0 = Release|Any CPU
		{45B2D4F8-4F61-4554-9278-0C3FE9ACBB93}.Debug|Any CPU.ActiveCfg = Debug|Any CPU
		{45B2D4F8-4F61-4554-9278-0C3FE9ACBB93}.Debug|Any CPU.Build.0 = Debug|Any CPU
		{45B2D4F8-4F61-4554-9278-0C3FE9ACBB93}.Release|Any CPU.ActiveCfg = Release|Any CPU
		{45B2D4F8-4F61-4554-9278-0C3FE9ACBB93}.Release|Any CPU.Build.0 = Release|Any CPU
		{3AFE9EA9-CF5F-4B03-992A-EFB63E67D18F}.Debug|Any CPU.ActiveCfg = Debug|Any CPU
		{3AFE9EA9-CF5F-4B03-992A-EFB63E67D18F}.Debug|Any CPU.Build.0 = Debug|Any CPU
		{3AFE9EA9-CF5F-4B03-992A-EFB63E67D18F}.Release|Any CPU.ActiveCfg = Release|Any CPU
		{3AFE9EA9-CF5F-4B03-992A-EFB63E67D18F}.Release|Any CPU.Build.0 = Release|Any CPU
		{424381D4-2236-4E8B-A21E-5B723C2EACCD}.Debug|Any CPU.ActiveCfg = Debug|Any CPU
		{424381D4-2236-4E8B-A21E-5B723C2EACCD}.Debug|Any CPU.Build.0 = Debug|Any CPU
		{424381D4-2236-4E8B-A21E-5B723C2EACCD}.Release|Any CPU.ActiveCfg = Release|Any CPU
		{424381D4-2236-4E8B-A21E-5B723C2EACCD}.Release|Any CPU.Build.0 = Release|Any CPU
	EndGlobalSection
	GlobalSection(SolutionProperties) = preSolution
		HideSolutionNode = FALSE
	EndGlobalSection
	GlobalSection(ExtensibilityGlobals) = postSolution
		SolutionGuid = {D47D689F-C71E-4102-AF84-C47E1A418511}
	EndGlobalSection
EndGlobal
